
Microsoft Visual Studio Solution File, Format Version 12.00
# Visual Studio Version 17
VisualStudioVersion = 17.0.31903.59
MinimumVisualStudioVersion = 10.0.40219.1
Project("{2150E333-8FDC-42A3-9474-1A3956D46DE8}") = "src", "src", "{47E4C364-DFDC-44EA-8D05-C27A3DD67136}"
EndProject
Project("{9A19103F-16F7-4668-BE54-9A1E7A4F7556}") = "ProductManagement.Data", "src\ProductManagement.Data\ProductManagement.Data.csproj", "{F5777E17-7598-4B51-BFBB-78A3EDEDFE08}"
EndProject
Project("{9A19103F-16F7-4668-BE54-9A1E7A4F7556}") = "ProductManagement.Services", "src\ProductManagement.Services\ProductManagement.Services.csproj", "{49DAF71C-7D73-4752-B0C7-2A5359929D48}"
EndProject
Project("{9A19103F-16F7-4668-BE54-9A1E7A4F7556}") = "ProductManagement.API", "src\ProductManagement.API\ProductManagement.API.csproj", "{017FA6FC-1DFD-47B7-B06B-1C01335AA5C0}"
EndProject
Project("{9A19103F-16F7-4668-BE54-9A1E7A4F7556}") = "ProductManagement.Tests", "src\ProductManagement.Tests\ProductManagement.Tests.csproj", "{BBC7D9DF-90F5-4200-859A-C5D0BE2408D0}"
EndProject
Project("{9A19103F-16F7-4668-BE54-9A1E7A4F7556}") = "ProductManagement.Validations", "Validations\ProductManagement.Validations.csproj", "{D483A668-B7AD-4AE3-AA04-E72674C00A4A}"
EndProject
Global
	GlobalSection(SolutionConfigurationPlatforms) = preSolution
		Debug|Any CPU = Debug|Any CPU
		Release|Any CPU = Release|Any CPU
	EndGlobalSection
	GlobalSection(ProjectConfigurationPlatforms) = postSolution
		{F5777E17-7598-4B51-BFBB-78A3EDEDFE08}.Debug|Any CPU.ActiveCfg = Debug|Any CPU
		{F5777E17-7598-4B51-BFBB-78A3EDEDFE08}.Debug|Any CPU.Build.0 = Debug|Any CPU
		{F5777E17-7598-4B51-BFBB-78A3EDEDFE08}.Release|Any CPU.ActiveCfg = Release|Any CPU
		{F5777E17-7598-4B51-BFBB-78A3EDEDFE08}.Release|Any CPU.Build.0 = Release|Any CPU
		{49DAF71C-7D73-4752-B0C7-2A5359929D48}.Debug|Any CPU.ActiveCfg = Debug|Any CPU
		{49DAF71C-7D73-4752-B0C7-2A5359929D48}.Debug|Any CPU.Build.0 = Debug|Any CPU
		{49DAF71C-7D73-4752-B0C7-2A5359929D48}.Release|Any CPU.ActiveCfg = Release|Any CPU
		{49DAF71C-7D73-4752-B0C7-2A5359929D48}.Release|Any CPU.Build.0 = Release|Any CPU
		{017FA6FC-1DFD-47B7-B06B-1C01335AA5C0}.Debug|Any CPU.ActiveCfg = Debug|Any CPU
		{017FA6FC-1DFD-47B7-B06B-1C01335AA5C0}.Debug|Any CPU.Build.0 = Debug|Any CPU
		{017FA6FC-1DFD-47B7-B06B-1C01335AA5C0}.Release|Any CPU.ActiveCfg = Release|Any CPU
		{017FA6FC-1DFD-47B7-B06B-1C01335AA5C0}.Release|Any CPU.Build.0 = Release|Any CPU
		{BBC7D9DF-90F5-4200-859A-C5D0BE2408D0}.Debug|Any CPU.ActiveCfg = Debug|Any CPU
		{BBC7D9DF-90F5-4200-859A-C5D0BE2408D0}.Debug|Any CPU.Build.0 = Debug|Any CPU
		{BBC7D9DF-90F5-4200-859A-C5D0BE2408D0}.Release|Any CPU.ActiveCfg = Release|Any CPU
		{BBC7D9DF-90F5-4200-859A-C5D0BE2408D0}.Release|Any CPU.Build.0 = Release|Any CPU
		{D483A668-B7AD-4AE3-AA04-E72674C00A4A}.Debug|Any CPU.ActiveCfg = Debug|Any CPU
		{D483A668-B7AD-4AE3-AA04-E72674C00A4A}.Debug|Any CPU.Build.0 = Debug|Any CPU
		{D483A668-B7AD-4AE3-AA04-E72674C00A4A}.Release|Any CPU.ActiveCfg = Release|Any CPU
		{D483A668-B7AD-4AE3-AA04-E72674C00A4A}.Release|Any CPU.Build.0 = Release|Any CPU
	EndGlobalSection
	GlobalSection(SolutionProperties) = preSolution
		HideSolutionNode = FALSE
	EndGlobalSection
	GlobalSection(NestedProjects) = preSolution
		{F5777E17-7598-4B51-BFBB-78A3EDEDFE08} = {47E4C364-DFDC-44EA-8D05-C27A3DD67136}
		{49DAF71C-7D73-4752-B0C7-2A5359929D48} = {47E4C364-DFDC-44EA-8D05-C27A3DD67136}
		{017FA6FC-1DFD-47B7-B06B-1C01335AA5C0} = {47E4C364-DFDC-44EA-8D05-C27A3DD67136}
		{BBC7D9DF-90F5-4200-859A-C5D0BE2408D0} = {47E4C364-DFDC-44EA-8D05-C27A3DD67136}
		{D483A668-B7AD-4AE3-AA04-E72674C00A4A} = {47E4C364-DFDC-44EA-8D05-C27A3DD67136}
	EndGlobalSection
	GlobalSection(ExtensibilityGlobals) = postSolution
		SolutionGuid = {9D9DD34F-E92B-45D8-8853-EAC5830AD9AF}
	EndGlobalSection
EndGlobal
