
Microsoft Visual Studio Solution File, Format Version 12.00
# Visual Studio Version 17
VisualStudioVersion = 17.0.31903.59
MinimumVisualStudioVersion = 10.0.40219.1
Project("{9A19103F-16F7-4668-BE54-9A1E7A4F7556}") = "ProductManagement.API", "src\ProductManagement.API\ProductManagement.API.csproj", "{1CC09702-5172-4680-8A56-DFBF1B5C2573}"
EndProject
Project("{9A19103F-16F7-4668-BE54-9A1E7A4F7556}") = "ProductManagement.Data", "src\ProductManagement.Data\ProductManagement.Data.csproj", "{527FAFAD-E2DC-4F0C-A120-BEF8C912CF42}"
EndProject
Project("{9A19103F-16F7-4668-BE54-9A1E7A4F7556}") = "ProductManagement.Services", "src\ProductManagement.Services\ProductManagement.Services.csproj", "{C597E537-4C6E-402E-94C4-F3E108246C8E}"
EndProject
Project("{9A19103F-16F7-4668-BE54-9A1E7A4F7556}") = "ProductManagement.Tests", "src\ProductManagement.Tests\ProductManagement.Tests.csproj", "{1E317222-3FA3-43DD-9C29-2B3E87D6076C}"
EndProject
Project("{9A19103F-16F7-4668-BE54-9A1E7A4F7556}") = "ProductManagement.Validations", "src\Validations\ProductManagement.Validations.csproj", "{AB451944-5919-472D-B549-1A10C1E95414}"
EndProject
Global
	GlobalSection(SolutionConfigurationPlatforms) = preSolution
		Debug|Any CPU = Debug|Any CPU
		Release|Any CPU = Release|Any CPU
	EndGlobalSection
	GlobalSection(ProjectConfigurationPlatforms) = postSolution
		{1CC09702-5172-4680-8A56-DFBF1B5C2573}.Debug|Any CPU.ActiveCfg = Debug|Any CPU
		{1CC09702-5172-4680-8A56-DFBF1B5C2573}.Debug|Any CPU.Build.0 = Debug|Any CPU
		{1CC09702-5172-4680-8A56-DFBF1B5C2573}.Release|Any CPU.ActiveCfg = Release|Any CPU
		{1CC09702-5172-4680-8A56-DFBF1B5C2573}.Release|Any CPU.Build.0 = Release|Any CPU
		{527FAFAD-E2DC-4F0C-A120-BEF8C912CF42}.Debug|Any CPU.ActiveCfg = Debug|Any CPU
		{527FAFAD-E2DC-4F0C-A120-BEF8C912CF42}.Debug|Any CPU.Build.0 = Debug|Any CPU
		{527FAFAD-E2DC-4F0C-A120-BEF8C912CF42}.Release|Any CPU.ActiveCfg = Release|Any CPU
		{527FAFAD-E2DC-4F0C-A120-BEF8C912CF42}.Release|Any CPU.Build.0 = Release|Any CPU
		{C597E537-4C6E-402E-94C4-F3E108246C8E}.Debug|Any CPU.ActiveCfg = Debug|Any CPU
		{C597E537-4C6E-402E-94C4-F3E108246C8E}.Debug|Any CPU.Build.0 = Debug|Any CPU
		{C597E537-4C6E-402E-94C4-F3E108246C8E}.Release|Any CPU.ActiveCfg = Release|Any CPU
		{C597E537-4C6E-402E-94C4-F3E108246C8E}.Release|Any CPU.Build.0 = Release|Any CPU
		{1E317222-3FA3-43DD-9C29-2B3E87D6076C}.Debug|Any CPU.ActiveCfg = Debug|Any CPU
		{1E317222-3FA3-43DD-9C29-2B3E87D6076C}.Debug|Any CPU.Build.0 = Debug|Any CPU
		{1E317222-3FA3-43DD-9C29-2B3E87D6076C}.Release|Any CPU.ActiveCfg = Release|Any CPU
		{1E317222-3FA3-43DD-9C29-2B3E87D6076C}.Release|Any CPU.Build.0 = Release|Any CPU
		{AB451944-5919-472D-B549-1A10C1E95414}.Debug|Any CPU.ActiveCfg = Debug|Any CPU
		{AB451944-5919-472D-B549-1A10C1E95414}.Debug|Any CPU.Build.0 = Debug|Any CPU
		{AB451944-5919-472D-B549-1A10C1E95414}.Release|Any CPU.ActiveCfg = Release|Any CPU
		{AB451944-5919-472D-B549-1A10C1E95414}.Release|Any CPU.Build.0 = Release|Any CPU
	EndGlobalSection
	GlobalSection(SolutionProperties) = preSolution
		HideSolutionNode = FALSE
	EndGlobalSection
	GlobalSection(ExtensibilityGlobals) = postSolution
		SolutionGuid = {9D9DD34F-E92B-45D8-8853-EAC5830AD9AF}
	EndGlobalSection
EndGlobal
